
Microsoft Visual Studio Solution File, Format Version 12.00
# Visual Studio 15
VisualStudioVersion = 15.0.27428.2015
MinimumVisualStudioVersion = 10.0.40219.1
Project("{FAE04EC0-301F-11D3-BF4B-00C04F79EFBC}") = "VCSauce.Data", "VCSauce.Data\VCSauce.Data.csproj", "{69EB2D3F-848D-48D5-BC6B-05308566B301}"
EndProject
Project("{FAE04EC0-301F-11D3-BF4B-00C04F79EFBC}") = "VCSauce", "VCSauce\VCSauce.csproj", "{7F014CEF-02CC-413D-9CED-6A07B0BDDE81}"
EndProject
Global
	GlobalSection(SolutionConfigurationPlatforms) = preSolution
		Debug|Any CPU = Debug|Any CPU
		Release|Any CPU = Release|Any CPU
	EndGlobalSection
	GlobalSection(ProjectConfigurationPlatforms) = postSolution
		{69EB2D3F-848D-48D5-BC6B-05308566B301}.Debug|Any CPU.ActiveCfg = Debug|Any CPU
		{69EB2D3F-848D-48D5-BC6B-05308566B301}.Debug|Any CPU.Build.0 = Debug|Any CPU
		{69EB2D3F-848D-48D5-BC6B-05308566B301}.Release|Any CPU.ActiveCfg = Release|Any CPU
		{69EB2D3F-848D-48D5-BC6B-05308566B301}.Release|Any CPU.Build.0 = Release|Any CPU
		{7F014CEF-02CC-413D-9CED-6A07B0BDDE81}.Debug|Any CPU.ActiveCfg = Debug|Any CPU
		{7F014CEF-02CC-413D-9CED-6A07B0BDDE81}.Debug|Any CPU.Build.0 = Debug|Any CPU
		{7F014CEF-02CC-413D-9CED-6A07B0BDDE81}.Release|Any CPU.ActiveCfg = Release|Any CPU
		{7F014CEF-02CC-413D-9CED-6A07B0BDDE81}.Release|Any CPU.Build.0 = Release|Any CPU
	EndGlobalSection
	GlobalSection(SolutionProperties) = preSolution
		HideSolutionNode = FALSE
	EndGlobalSection
	GlobalSection(ExtensibilityGlobals) = postSolution
		SolutionGuid = {1AAB8F56-5C78-4E88-A703-2E641847039C}
	EndGlobalSection
EndGlobal
